{
  "name": "@Tale152/interconnected_node",
  "version": "0.0.1",
  "lockfileVersion": 2,
  "requires": true,
  "packages": {
    "": {
      "name": "@Tale152/interconnected_node",
      "version": "0.0.1",
      "license": "ISC",
      "dependencies": {
        "@Tale152/interconnected_node": "github:Tale152/interconnected_node"
      },
      "devDependencies": {
        "typescript": "^4.8.3"
      }
    },
    "node_modules/@Tale152/interconnected_node": {
      "version": "0.0.1",
      "resolved": "git+ssh://git@github.com/Tale152/interconnected_node.git#8924ba3eb84ddff90855ca63e5b4ddca51ab011c",
      "license": "ISC"
    },
    "node_modules/typescript": {
      "version": "4.8.3",
      "resolved": "https://registry.npmjs.org/typescript/-/typescript-4.8.3.tgz",
      "integrity": "sha512-goMHfm00nWPa8UvR/CPSvykqf6dVV8x/dp0c5mFTMTIu0u0FlGWRioyy7Nn0PGAdHxpJZnuO/ut+PpQ8UiHAig==",
      "dev": true,
      "bin": {
        "tsc": "bin/tsc",
        "tsserver": "bin/tsserver"
      },
      "engines": {
        "node": ">=4.2.0"
      }
    }
  },
  "dependencies": {
    "@Tale152/interconnected_node": {
      "version": "git+ssh://git@github.com/Tale152/interconnected_node.git#8924ba3eb84ddff90855ca63e5b4ddca51ab011c",
      "from": "@Tale152/interconnected_node@https://github.com/Tale152/interconnected_node"
    },
    "typescript": {
      "version": "4.8.3",
      "resolved": "https://registry.npmjs.org/typescript/-/typescript-4.8.3.tgz",
      "integrity": "sha512-goMHfm00nWPa8UvR/CPSvykqf6dVV8x/dp0c5mFTMTIu0u0FlGWRioyy7Nn0PGAdHxpJZnuO/ut+PpQ8UiHAig==",
      "dev": true
    }
  }
}
